
Microsoft Visual Studio Solution File, Format Version 12.00
# Visual Studio Version 16
VisualStudioVersion = 16.0.30413.136
MinimumVisualStudioVersion = 10.0.40219.1
Project("{8BC9CEB8-8B4A-11D0-8D11-00A0C91BC942}") = "The_last_of_us_2D", "The_last_of_us_2D\The_last_of_us_2D.vcxproj", "{DB496EF9-AAB2-4FDD-8DFD-C524A3FE4B7F}"
EndProject
Global
	GlobalSection(SolutionConfigurationPlatforms) = preSolution
		Debug|x64 = Debug|x64
		Debug|x86 = Debug|x86
		Release|x64 = Release|x64
		Release|x86 = Release|x86
	EndGlobalSection
	GlobalSection(ProjectConfigurationPlatforms) = postSolution
		{DB496EF9-AAB2-4FDD-8DFD-C524A3FE4B7F}.Debug|x64.ActiveCfg = Debug|x64
		{DB496EF9-AAB2-4FDD-8DFD-C524A3FE4B7F}.Debug|x64.Build.0 = Debug|x64
		{DB496EF9-AAB2-4FDD-8DFD-C524A3FE4B7F}.Debug|x86.ActiveCfg = Debug|Win32
		{DB496EF9-AAB2-4FDD-8DFD-C524A3FE4B7F}.Debug|x86.Build.0 = Debug|Win32
		{DB496EF9-AAB2-4FDD-8DFD-C524A3FE4B7F}.Release|x64.ActiveCfg = Release|x64
		{DB496EF9-AAB2-4FDD-8DFD-C524A3FE4B7F}.Release|x64.Build.0 = Release|x64
		{DB496EF9-AAB2-4FDD-8DFD-C524A3FE4B7F}.Release|x86.ActiveCfg = Release|Win32
		{DB496EF9-AAB2-4FDD-8DFD-C524A3FE4B7F}.Release|x86.Build.0 = Release|Win32
	EndGlobalSection
	GlobalSection(SolutionProperties) = preSolution
		HideSolutionNode = FALSE
	EndGlobalSection
	GlobalSection(ExtensibilityGlobals) = postSolution
		SolutionGuid = {C28F3866-BE4F-4F44-B2AE-84A713F664E3}
	EndGlobalSection
EndGlobal
